
Microsoft Visual Studio Solution File, Format Version 12.00
# Visual Studio Version 17
VisualStudioVersion = 17.7.34024.191
MinimumVisualStudioVersion = 10.0.40219.1
Project("{FAE04EC0-301F-11D3-BF4B-00C04F79EFBC}") = "KMP Editor", "KMP Editor\KMP Editor.csproj", "{0BC3720D-4A1C-4E50-94D4-BC3DEC6F1962}"
EndProject
Project("{FAE04EC0-301F-11D3-BF4B-00C04F79EFBC}") = "EndianLib", "EndianLib\EndianLib.csproj", "{2054C2CC-EB7F-45C4-B98C-207A8C8DE13E}"
EndProject
Global
	GlobalSection(SolutionConfigurationPlatforms) = preSolution
		Debug|Any CPU = Debug|Any CPU
		Release|Any CPU = Release|Any CPU
	EndGlobalSection
	GlobalSection(ProjectConfigurationPlatforms) = postSolution
		{0BC3720D-4A1C-4E50-94D4-BC3DEC6F1962}.Debug|Any CPU.ActiveCfg = Debug|Any CPU
		{0BC3720D-4A1C-4E50-94D4-BC3DEC6F1962}.Debug|Any CPU.Build.0 = Debug|Any CPU
		{0BC3720D-4A1C-4E50-94D4-BC3DEC6F1962}.Release|Any CPU.ActiveCfg = Release|Any CPU
		{0BC3720D-4A1C-4E50-94D4-BC3DEC6F1962}.Release|Any CPU.Build.0 = Release|Any CPU
		{2054C2CC-EB7F-45C4-B98C-207A8C8DE13E}.Debug|Any CPU.ActiveCfg = Debug|Any CPU
		{2054C2CC-EB7F-45C4-B98C-207A8C8DE13E}.Debug|Any CPU.Build.0 = Debug|Any CPU
		{2054C2CC-EB7F-45C4-B98C-207A8C8DE13E}.Release|Any CPU.ActiveCfg = Release|Any CPU
		{2054C2CC-EB7F-45C4-B98C-207A8C8DE13E}.Release|Any CPU.Build.0 = Release|Any CPU
	EndGlobalSection
	GlobalSection(SolutionProperties) = preSolution
		HideSolutionNode = FALSE
	EndGlobalSection
	GlobalSection(ExtensibilityGlobals) = postSolution
		SolutionGuid = {3D1F8DC1-89BC-40AF-AA7D-AB6651B0533D}
	EndGlobalSection
EndGlobal
