
Microsoft Visual Studio Solution File, Format Version 12.00
# Visual Studio Version 17
VisualStudioVersion = 17.7.34024.191
MinimumVisualStudioVersion = 10.0.40219.1
Project("{9A19103F-16F7-4668-BE54-9A1E7A4F7556}") = "KMPEditor", "KMP Editor\KMPEditor.csproj", "{0BC3720D-4A1C-4E50-94D4-BC3DEC6F1962}"
EndProject
Project("{9A19103F-16F7-4668-BE54-9A1E7A4F7556}") = "MathLib", "EndianLib\MathLib.csproj", "{2054C2CC-EB7F-45C4-B98C-207A8C8DE13E}"
EndProject
Project("{9A19103F-16F7-4668-BE54-9A1E7A4F7556}") = "KartLib", "KartLib\KartLib.csproj", "{DBEA097A-8C59-488E-833C-B67A87AF10B0}"
EndProject
Global
	GlobalSection(SolutionConfigurationPlatforms) = preSolution
		Debug|Any CPU = Debug|Any CPU
		Release|Any CPU = Release|Any CPU
	EndGlobalSection
	GlobalSection(ProjectConfigurationPlatforms) = postSolution
		{0BC3720D-4A1C-4E50-94D4-BC3DEC6F1962}.Debug|Any CPU.ActiveCfg = Debug|Any CPU
		{0BC3720D-4A1C-4E50-94D4-BC3DEC6F1962}.Debug|Any CPU.Build.0 = Debug|Any CPU
		{0BC3720D-4A1C-4E50-94D4-BC3DEC6F1962}.Release|Any CPU.ActiveCfg = Release|Any CPU
		{0BC3720D-4A1C-4E50-94D4-BC3DEC6F1962}.Release|Any CPU.Build.0 = Release|Any CPU
		{2054C2CC-EB7F-45C4-B98C-207A8C8DE13E}.Debug|Any CPU.ActiveCfg = Debug|Any CPU
		{2054C2CC-EB7F-45C4-B98C-207A8C8DE13E}.Debug|Any CPU.Build.0 = Debug|Any CPU
		{2054C2CC-EB7F-45C4-B98C-207A8C8DE13E}.Release|Any CPU.ActiveCfg = Release|Any CPU
		{2054C2CC-EB7F-45C4-B98C-207A8C8DE13E}.Release|Any CPU.Build.0 = Release|Any CPU
		{DBEA097A-8C59-488E-833C-B67A87AF10B0}.Debug|Any CPU.ActiveCfg = Debug|Any CPU
		{DBEA097A-8C59-488E-833C-B67A87AF10B0}.Debug|Any CPU.Build.0 = Debug|Any CPU
		{DBEA097A-8C59-488E-833C-B67A87AF10B0}.Release|Any CPU.ActiveCfg = Release|Any CPU
		{DBEA097A-8C59-488E-833C-B67A87AF10B0}.Release|Any CPU.Build.0 = Release|Any CPU
	EndGlobalSection
	GlobalSection(SolutionProperties) = preSolution
		HideSolutionNode = FALSE
	EndGlobalSection
	GlobalSection(ExtensibilityGlobals) = postSolution
		SolutionGuid = {3D1F8DC1-89BC-40AF-AA7D-AB6651B0533D}
	EndGlobalSection
EndGlobal
